
Microsoft Visual Studio Solution File, Format Version 12.00
# Visual Studio Version 16
VisualStudioVersion = 16.0.30717.126
MinimumVisualStudioVersion = 10.0.40219.1
Project("{FAE04EC0-301F-11D3-BF4B-00C04F79EFBC}") = "VKToYandexMusicImporter", "VKToYandexMusicImporter\VKToYandexMusicImporter.csproj", "{AA437B8C-882C-44BD-B67E-13F9A817BC6E}"
EndProject
Global
	GlobalSection(SolutionConfigurationPlatforms) = preSolution
		Debug|Any CPU = Debug|Any CPU
		Release|Any CPU = Release|Any CPU
	EndGlobalSection
	GlobalSection(ProjectConfigurationPlatforms) = postSolution
		{AA437B8C-882C-44BD-B67E-13F9A817BC6E}.Debug|Any CPU.ActiveCfg = Debug|Any CPU
		{AA437B8C-882C-44BD-B67E-13F9A817BC6E}.Debug|Any CPU.Build.0 = Debug|Any CPU
		{AA437B8C-882C-44BD-B67E-13F9A817BC6E}.Release|Any CPU.ActiveCfg = Release|Any CPU
		{AA437B8C-882C-44BD-B67E-13F9A817BC6E}.Release|Any CPU.Build.0 = Release|Any CPU
	EndGlobalSection
	GlobalSection(SolutionProperties) = preSolution
		HideSolutionNode = FALSE
	EndGlobalSection
	GlobalSection(ExtensibilityGlobals) = postSolution
		SolutionGuid = {029AAFAA-39B9-421A-9D07-0C35245D9009}
	EndGlobalSection
EndGlobal
